
Microsoft Visual Studio Solution File, Format Version 12.00
# Visual Studio 15
VisualStudioVersion = 15.0.28307.779
MinimumVisualStudioVersion = 10.0.40219.1
Project("{FAE04EC0-301F-11D3-BF4B-00C04F79EFBC}") = "BankingProject", "BankingProject\BankingProject.csproj", "{E892DF0E-1785-45F0-A51E-CA409A6A5CBF}"
EndProject
Project("{FAE04EC0-301F-11D3-BF4B-00C04F79EFBC}") = "BankingProject.Tests", "BankingProject.Tests\BankingProject.Tests.csproj", "{E1AF0314-DEB2-42A0-B6E2-2825CB7C6433}"
EndProject
Global
	GlobalSection(SolutionConfigurationPlatforms) = preSolution
		Debug|Any CPU = Debug|Any CPU
		Release|Any CPU = Release|Any CPU
	EndGlobalSection
	GlobalSection(ProjectConfigurationPlatforms) = postSolution
		{E892DF0E-1785-45F0-A51E-CA409A6A5CBF}.Debug|Any CPU.ActiveCfg = Debug|Any CPU
		{E892DF0E-1785-45F0-A51E-CA409A6A5CBF}.Debug|Any CPU.Build.0 = Debug|Any CPU
		{E892DF0E-1785-45F0-A51E-CA409A6A5CBF}.Release|Any CPU.ActiveCfg = Release|Any CPU
		{E892DF0E-1785-45F0-A51E-CA409A6A5CBF}.Release|Any CPU.Build.0 = Release|Any CPU
		{E1AF0314-DEB2-42A0-B6E2-2825CB7C6433}.Debug|Any CPU.ActiveCfg = Debug|Any CPU
		{E1AF0314-DEB2-42A0-B6E2-2825CB7C6433}.Debug|Any CPU.Build.0 = Debug|Any CPU
		{E1AF0314-DEB2-42A0-B6E2-2825CB7C6433}.Release|Any CPU.ActiveCfg = Release|Any CPU
		{E1AF0314-DEB2-42A0-B6E2-2825CB7C6433}.Release|Any CPU.Build.0 = Release|Any CPU
	EndGlobalSection
	GlobalSection(SolutionProperties) = preSolution
		HideSolutionNode = FALSE
	EndGlobalSection
	GlobalSection(ExtensibilityGlobals) = postSolution
		SolutionGuid = {C4C4D20D-6491-45AA-AEBD-A40AF709C6D2}
	EndGlobalSection
EndGlobal
